
Microsoft Visual Studio Solution File, Format Version 12.00
Project("{FAE04EC0-301F-11D3-BF4B-00C04F79EFBC}") = "Mint", "Mint\Mint.csproj", "{053B9F03-4E33-48C1-B6E5-0E18A80FFE1B}"
EndProject
Global
	GlobalSection(SolutionConfigurationPlatforms) = preSolution
		Debug|Any CPU = Debug|Any CPU
		Release|Any CPU = Release|Any CPU
	EndGlobalSection
	GlobalSection(ProjectConfigurationPlatforms) = postSolution
		{053B9F03-4E33-48C1-B6E5-0E18A80FFE1B}.Debug|Any CPU.ActiveCfg = Debug|Any CPU
		{053B9F03-4E33-48C1-B6E5-0E18A80FFE1B}.Debug|Any CPU.Build.0 = Debug|Any CPU
		{053B9F03-4E33-48C1-B6E5-0E18A80FFE1B}.Release|Any CPU.ActiveCfg = Release|Any CPU
		{053B9F03-4E33-48C1-B6E5-0E18A80FFE1B}.Release|Any CPU.Build.0 = Release|Any CPU
	EndGlobalSection
EndGlobal
